{
  "version": "5",
  "specifiers": {
    "npm:tree-sitter-cli@0.25.8": "0.25.8"
  },
  "npm": {
    "tree-sitter-cli@0.25.8": {
      "integrity": "sha512-avR7qo4qT+dNv2jj4M2e79vfc2etbWK6/umWcRsnEX1LTRhUL6p5AgGe6dP7+cV/RYFFk/VBz1rJuVCk+w5H2A==",
      "scripts": true,
      "bin": true
    }
  }
}
